
Microsoft Visual Studio Solution File, Format Version 12.00
# Visual Studio Version 17
VisualStudioVersion = 17.1.32319.34
MinimumVisualStudioVersion = 10.0.40219.1
Project("{FAE04EC0-301F-11D3-BF4B-00C04F79EFBC}") = "IntegratedTemplate", "IntegratedTemplate\IntegratedTemplate.csproj", "{BBDE85B7-0010-4060-B595-017899A6F0BE}"
EndProject
Global
	GlobalSection(SolutionConfigurationPlatforms) = preSolution
		Debug|Any CPU = Debug|Any CPU
		Release|Any CPU = Release|Any CPU
	EndGlobalSection
	GlobalSection(ProjectConfigurationPlatforms) = postSolution
		{BBDE85B7-0010-4060-B595-017899A6F0BE}.Debug|Any CPU.ActiveCfg = Debug|Any CPU
		{BBDE85B7-0010-4060-B595-017899A6F0BE}.Debug|Any CPU.Build.0 = Debug|Any CPU
		{BBDE85B7-0010-4060-B595-017899A6F0BE}.Release|Any CPU.ActiveCfg = Release|Any CPU
		{BBDE85B7-0010-4060-B595-017899A6F0BE}.Release|Any CPU.Build.0 = Release|Any CPU
	EndGlobalSection
	GlobalSection(SolutionProperties) = preSolution
		HideSolutionNode = FALSE
	EndGlobalSection
	GlobalSection(ExtensibilityGlobals) = postSolution
		SolutionGuid = {631B1853-6E58-487E-A3E1-5643E8D8C6BE}
	EndGlobalSection
EndGlobal
